
Microsoft Visual Studio Solution File, Format Version 12.00
# Visual Studio Version 17
VisualStudioVersion = 17.3.32825.248
MinimumVisualStudioVersion = 10.0.40219.1
Project("{FAE04EC0-301F-11D3-BF4B-00C04F79EFBC}") = "MultyTask_Quest", "MultyTask_Quest\MultyTask_Quest.csproj", "{AAEEC39A-ED40-4C2F-8C93-B792A2CCCAB7}"
EndProject
Global
	GlobalSection(SolutionConfigurationPlatforms) = preSolution
		Debug|Any CPU = Debug|Any CPU
		Release|Any CPU = Release|Any CPU
	EndGlobalSection
	GlobalSection(ProjectConfigurationPlatforms) = postSolution
		{AAEEC39A-ED40-4C2F-8C93-B792A2CCCAB7}.Debug|Any CPU.ActiveCfg = Debug|Any CPU
		{AAEEC39A-ED40-4C2F-8C93-B792A2CCCAB7}.Debug|Any CPU.Build.0 = Debug|Any CPU
		{AAEEC39A-ED40-4C2F-8C93-B792A2CCCAB7}.Release|Any CPU.ActiveCfg = Release|Any CPU
		{AAEEC39A-ED40-4C2F-8C93-B792A2CCCAB7}.Release|Any CPU.Build.0 = Release|Any CPU
	EndGlobalSection
	GlobalSection(SolutionProperties) = preSolution
		HideSolutionNode = FALSE
	EndGlobalSection
	GlobalSection(ExtensibilityGlobals) = postSolution
		SolutionGuid = {E41B0492-1165-4001-88EA-C49A2CEB2940}
	EndGlobalSection
EndGlobal
